
Microsoft Visual Studio Solution File, Format Version 12.00
# Visual Studio Version 17
VisualStudioVersion = 17.5.002.0
MinimumVisualStudioVersion = 10.0.40219.1
Project("{9A19103F-16F7-4668-BE54-9A1E7A4F7556}") = "assignment 3", "assignment 3.csproj", "{493CBB50-3EC0-46B3-A277-C26E725D239B}"
EndProject
Global
	GlobalSection(SolutionConfigurationPlatforms) = preSolution
		Debug|Any CPU = Debug|Any CPU
		Release|Any CPU = Release|Any CPU
	EndGlobalSection
	GlobalSection(ProjectConfigurationPlatforms) = postSolution
		{493CBB50-3EC0-46B3-A277-C26E725D239B}.Debug|Any CPU.ActiveCfg = Debug|Any CPU
		{493CBB50-3EC0-46B3-A277-C26E725D239B}.Debug|Any CPU.Build.0 = Debug|Any CPU
		{493CBB50-3EC0-46B3-A277-C26E725D239B}.Release|Any CPU.ActiveCfg = Release|Any CPU
		{493CBB50-3EC0-46B3-A277-C26E725D239B}.Release|Any CPU.Build.0 = Release|Any CPU
	EndGlobalSection
	GlobalSection(SolutionProperties) = preSolution
		HideSolutionNode = FALSE
	EndGlobalSection
	GlobalSection(ExtensibilityGlobals) = postSolution
		SolutionGuid = {D8DDCD88-D51C-4D70-A093-CBCE4CCB71F3}
	EndGlobalSection
EndGlobal
